
Microsoft Visual Studio Solution File, Format Version 12.00
# Visual Studio Version 16
VisualStudioVersion = 16.0.30523.141
MinimumVisualStudioVersion = 10.0.40219.1
Project("{FAE04EC0-301F-11D3-BF4B-00C04F79EFBC}") = "Features", "Features\Features.csproj", "{5FE5BCFD-1FB0-4199-A180-4188A31C4822}"
EndProject
Global
	GlobalSection(SolutionConfigurationPlatforms) = preSolution
		Debug|Any CPU = Debug|Any CPU
		Release|Any CPU = Release|Any CPU
	EndGlobalSection
	GlobalSection(ProjectConfigurationPlatforms) = postSolution
		{5FE5BCFD-1FB0-4199-A180-4188A31C4822}.Debug|Any CPU.ActiveCfg = Debug|Any CPU
		{5FE5BCFD-1FB0-4199-A180-4188A31C4822}.Debug|Any CPU.Build.0 = Debug|Any CPU
		{5FE5BCFD-1FB0-4199-A180-4188A31C4822}.Release|Any CPU.ActiveCfg = Release|Any CPU
		{5FE5BCFD-1FB0-4199-A180-4188A31C4822}.Release|Any CPU.Build.0 = Release|Any CPU
	EndGlobalSection
	GlobalSection(SolutionProperties) = preSolution
		HideSolutionNode = FALSE
	EndGlobalSection
	GlobalSection(ExtensibilityGlobals) = postSolution
		SolutionGuid = {5CF2D56C-01A8-4CB6-AF36-8A562BE0B7A1}
	EndGlobalSection
EndGlobal
